{
  "name": "car",
  "version": "1.0.0",
  "lockfileVersion": 1,
  "requires": true,
  "dependencies": {
    "@babylonjs/core": {
      "version": "4.2.0-beta.5",
      "resolved": "https://registry.npmjs.org/@babylonjs/core/-/core-4.2.0-beta.5.tgz",
      "integrity": "sha512-/wmrD1QviXm6L4gTfhKPe3xsulf++xBcOQGRGuHbd/m/n2BzxSLEpPvOjSpNoypl989izuSCin+DYRCBl0Z3Ww==",
      "requires": {
        "tslib": ">=1.10.0"
      }
    },
    "tslib": {
      "version": "2.0.1",
      "resolved": "https://registry.npmjs.org/tslib/-/tslib-2.0.1.tgz",
      "integrity": "sha512-SgIkNheinmEBgx1IUNirK0TUD4X9yjjBRTqqjggWCU3pUEqIk3/Uwl3yRixYKT6WjQuGiwDv4NomL3wqRCj+CQ=="
    }
  }
}
